
Microsoft Visual Studio Solution File, Format Version 12.00
# Visual Studio 15
VisualStudioVersion = 15.0.26403.0
MinimumVisualStudioVersion = 10.0.40219.1
Project("{FAE04EC0-301F-11D3-BF4B-00C04F79EFBC}") = "WebApplication_JQuery_Bootstrap", "WebApplication_JQuery_Bootstrap\WebApplication_JQuery_Bootstrap.csproj", "{601E8522-E482-4AEE-AC2D-B73C5C4D667E}"
EndProject
Project("{FAE04EC0-301F-11D3-BF4B-00C04F79EFBC}") = "WebApplication_JQuery_Bootstrap.DAL", "WebApplication_JQuery_Bootstrap.DAL\WebApplication_JQuery_Bootstrap.DAL.csproj", "{CD691918-B4E6-4ECF-9A8D-A47F1413120B}"
EndProject
Global
	GlobalSection(SolutionConfigurationPlatforms) = preSolution
		Debug|Any CPU = Debug|Any CPU
		Release|Any CPU = Release|Any CPU
	EndGlobalSection
	GlobalSection(ProjectConfigurationPlatforms) = postSolution
		{601E8522-E482-4AEE-AC2D-B73C5C4D667E}.Debug|Any CPU.ActiveCfg = Debug|Any CPU
		{601E8522-E482-4AEE-AC2D-B73C5C4D667E}.Debug|Any CPU.Build.0 = Debug|Any CPU
		{601E8522-E482-4AEE-AC2D-B73C5C4D667E}.Release|Any CPU.ActiveCfg = Release|Any CPU
		{601E8522-E482-4AEE-AC2D-B73C5C4D667E}.Release|Any CPU.Build.0 = Release|Any CPU
		{CD691918-B4E6-4ECF-9A8D-A47F1413120B}.Debug|Any CPU.ActiveCfg = Debug|Any CPU
		{CD691918-B4E6-4ECF-9A8D-A47F1413120B}.Debug|Any CPU.Build.0 = Debug|Any CPU
		{CD691918-B4E6-4ECF-9A8D-A47F1413120B}.Release|Any CPU.ActiveCfg = Release|Any CPU
		{CD691918-B4E6-4ECF-9A8D-A47F1413120B}.Release|Any CPU.Build.0 = Release|Any CPU
	EndGlobalSection
	GlobalSection(SolutionProperties) = preSolution
		HideSolutionNode = FALSE
	EndGlobalSection
EndGlobal
