
Microsoft Visual Studio Solution File, Format Version 12.00
# Visual Studio 2013
VisualStudioVersion = 12.0.31101.0
MinimumVisualStudioVersion = 10.0.40219.1
Project("{FAE04EC0-301F-11D3-BF4B-00C04F79EFBC}") = "CloudBox.Wpf", "CloudBox.Wpf\CloudBox.Wpf.csproj", "{7EBCD535-AA2A-4CCA-94B1-CC00287DA9A0}"
EndProject
Project("{FAE04EC0-301F-11D3-BF4B-00C04F79EFBC}") = "CloudBox.DAL", "CloudBox.DAL\CloudBox.DAL.csproj", "{4C6739B0-7D99-4D47-8D35-656D3E5B6361}"
EndProject
Project("{FAE04EC0-301F-11D3-BF4B-00C04F79EFBC}") = "CloudBox.BLL", "CloudBox.BLL\CloudBox.BLL.csproj", "{D0869312-FACD-4CFC-830D-8C8509C81EC8}"
EndProject
Global
	GlobalSection(SolutionConfigurationPlatforms) = preSolution
		Debug|Any CPU = Debug|Any CPU
		Release|Any CPU = Release|Any CPU
	EndGlobalSection
	GlobalSection(ProjectConfigurationPlatforms) = postSolution
		{7EBCD535-AA2A-4CCA-94B1-CC00287DA9A0}.Debug|Any CPU.ActiveCfg = Debug|Any CPU
		{7EBCD535-AA2A-4CCA-94B1-CC00287DA9A0}.Debug|Any CPU.Build.0 = Debug|Any CPU
		{7EBCD535-AA2A-4CCA-94B1-CC00287DA9A0}.Release|Any CPU.ActiveCfg = Release|Any CPU
		{7EBCD535-AA2A-4CCA-94B1-CC00287DA9A0}.Release|Any CPU.Build.0 = Release|Any CPU
		{4C6739B0-7D99-4D47-8D35-656D3E5B6361}.Debug|Any CPU.ActiveCfg = Debug|Any CPU
		{4C6739B0-7D99-4D47-8D35-656D3E5B6361}.Debug|Any CPU.Build.0 = Debug|Any CPU
		{4C6739B0-7D99-4D47-8D35-656D3E5B6361}.Release|Any CPU.ActiveCfg = Release|Any CPU
		{4C6739B0-7D99-4D47-8D35-656D3E5B6361}.Release|Any CPU.Build.0 = Release|Any CPU
		{D0869312-FACD-4CFC-830D-8C8509C81EC8}.Debug|Any CPU.ActiveCfg = Debug|Any CPU
		{D0869312-FACD-4CFC-830D-8C8509C81EC8}.Debug|Any CPU.Build.0 = Debug|Any CPU
		{D0869312-FACD-4CFC-830D-8C8509C81EC8}.Release|Any CPU.ActiveCfg = Release|Any CPU
		{D0869312-FACD-4CFC-830D-8C8509C81EC8}.Release|Any CPU.Build.0 = Release|Any CPU
	EndGlobalSection
	GlobalSection(SolutionProperties) = preSolution
		HideSolutionNode = FALSE
	EndGlobalSection
EndGlobal
