
Microsoft Visual Studio Solution File, Format Version 12.00
# Visual Studio 15
VisualStudioVersion = 15.0.27428.2015
MinimumVisualStudioVersion = 10.0.40219.1
Project("{FAE04EC0-301F-11D3-BF4B-00C04F79EFBC}") = "MobileTestApp.Android", "MobileTestApp\MobileTestApp.Android\MobileTestApp.Android.csproj", "{04EE2C9B-C405-4AC9-8D69-B1659584ADDC}"
EndProject
Project("{FAE04EC0-301F-11D3-BF4B-00C04F79EFBC}") = "MobileTestApp.iOS", "MobileTestApp\MobileTestApp.iOS\MobileTestApp.iOS.csproj", "{78AA7402-322E-413C-A25E-270756486728}"
EndProject
Project("{9A19103F-16F7-4668-BE54-9A1E7A4F7556}") = "MobileTestApp", "MobileTestApp\MobileTestApp\MobileTestApp.csproj", "{A08BFC36-F8FE-4798-9ACD-D3A671568C67}"
EndProject
Project("{9A19103F-16F7-4668-BE54-9A1E7A4F7556}") = "BLL", "BLL\BLL.csproj", "{DF2673AF-F712-46F5-8BBB-D8C56A7A4814}"
EndProject
Project("{FAE04EC0-301F-11D3-BF4B-00C04F79EFBC}") = "XUnitXamarinTests", "XUnitXamarinTests\XUnitXamarinTests.csproj", "{D376F603-2F90-411E-ACCD-59046D4C71D8}"
EndProject
Project("{FAE04EC0-301F-11D3-BF4B-00C04F79EFBC}") = "DAL", "DAL\DAL.csproj", "{D82134D8-94F6-48E1-8937-9E2ECA1DF0B6}"
EndProject
Global
	GlobalSection(SolutionConfigurationPlatforms) = preSolution
		Ad-Hoc|Any CPU = Ad-Hoc|Any CPU
		Ad-Hoc|iPhone = Ad-Hoc|iPhone
		Ad-Hoc|iPhoneSimulator = Ad-Hoc|iPhoneSimulator
		AppStore|Any CPU = AppStore|Any CPU
		AppStore|iPhone = AppStore|iPhone
		AppStore|iPhoneSimulator = AppStore|iPhoneSimulator
		Debug|Any CPU = Debug|Any CPU
		Debug|iPhone = Debug|iPhone
		Debug|iPhoneSimulator = Debug|iPhoneSimulator
		Release|Any CPU = Release|Any CPU
		Release|iPhone = Release|iPhone
		Release|iPhoneSimulator = Release|iPhoneSimulator
	EndGlobalSection
	GlobalSection(ProjectConfigurationPlatforms) = postSolution
		{04EE2C9B-C405-4AC9-8D69-B1659584ADDC}.Ad-Hoc|Any CPU.ActiveCfg = Release|Any CPU
		{04EE2C9B-C405-4AC9-8D69-B1659584ADDC}.Ad-Hoc|Any CPU.Build.0 = Release|Any CPU
		{04EE2C9B-C405-4AC9-8D69-B1659584ADDC}.Ad-Hoc|Any CPU.Deploy.0 = Release|Any CPU
		{04EE2C9B-C405-4AC9-8D69-B1659584ADDC}.Ad-Hoc|iPhone.ActiveCfg = Release|Any CPU
		{04EE2C9B-C405-4AC9-8D69-B1659584ADDC}.Ad-Hoc|iPhone.Build.0 = Release|Any CPU
		{04EE2C9B-C405-4AC9-8D69-B1659584ADDC}.Ad-Hoc|iPhone.Deploy.0 = Release|Any CPU
		{04EE2C9B-C405-4AC9-8D69-B1659584ADDC}.Ad-Hoc|iPhoneSimulator.ActiveCfg = Release|Any CPU
		{04EE2C9B-C405-4AC9-8D69-B1659584ADDC}.Ad-Hoc|iPhoneSimulator.Build.0 = Release|Any CPU
		{04EE2C9B-C405-4AC9-8D69-B1659584ADDC}.Ad-Hoc|iPhoneSimulator.Deploy.0 = Release|Any CPU
		{04EE2C9B-C405-4AC9-8D69-B1659584ADDC}.AppStore|Any CPU.ActiveCfg = Release|Any CPU
		{04EE2C9B-C405-4AC9-8D69-B1659584ADDC}.AppStore|Any CPU.Build.0 = Release|Any CPU
		{04EE2C9B-C405-4AC9-8D69-B1659584ADDC}.AppStore|Any CPU.Deploy.0 = Release|Any CPU
		{04EE2C9B-C405-4AC9-8D69-B1659584ADDC}.AppStore|iPhone.ActiveCfg = Release|Any CPU
		{04EE2C9B-C405-4AC9-8D69-B1659584ADDC}.AppStore|iPhone.Build.0 = Release|Any CPU
		{04EE2C9B-C405-4AC9-8D69-B1659584ADDC}.AppStore|iPhone.Deploy.0 = Release|Any CPU
		{04EE2C9B-C405-4AC9-8D69-B1659584ADDC}.AppStore|iPhoneSimulator.ActiveCfg = Release|Any CPU
		{04EE2C9B-C405-4AC9-8D69-B1659584ADDC}.AppStore|iPhoneSimulator.Build.0 = Release|Any CPU
		{04EE2C9B-C405-4AC9-8D69-B1659584ADDC}.AppStore|iPhoneSimulator.Deploy.0 = Release|Any CPU
		{04EE2C9B-C405-4AC9-8D69-B1659584ADDC}.Debug|Any CPU.ActiveCfg = Debug|Any CPU
		{04EE2C9B-C405-4AC9-8D69-B1659584ADDC}.Debug|Any CPU.Build.0 = Debug|Any CPU
		{04EE2C9B-C405-4AC9-8D69-B1659584ADDC}.Debug|Any CPU.Deploy.0 = Debug|Any CPU
		{04EE2C9B-C405-4AC9-8D69-B1659584ADDC}.Debug|iPhone.ActiveCfg = Debug|Any CPU
		{04EE2C9B-C405-4AC9-8D69-B1659584ADDC}.Debug|iPhone.Build.0 = Debug|Any CPU
		{04EE2C9B-C405-4AC9-8D69-B1659584ADDC}.Debug|iPhone.Deploy.0 = Debug|Any CPU
		{04EE2C9B-C405-4AC9-8D69-B1659584ADDC}.Debug|iPhoneSimulator.ActiveCfg = Debug|Any CPU
		{04EE2C9B-C405-4AC9-8D69-B1659584ADDC}.Debug|iPhoneSimulator.Build.0 = Debug|Any CPU
		{04EE2C9B-C405-4AC9-8D69-B1659584ADDC}.Debug|iPhoneSimulator.Deploy.0 = Debug|Any CPU
		{04EE2C9B-C405-4AC9-8D69-B1659584ADDC}.Release|Any CPU.ActiveCfg = Release|Any CPU
		{04EE2C9B-C405-4AC9-8D69-B1659584ADDC}.Release|Any CPU.Build.0 = Release|Any CPU
		{04EE2C9B-C405-4AC9-8D69-B1659584ADDC}.Release|Any CPU.Deploy.0 = Release|Any CPU
		{04EE2C9B-C405-4AC9-8D69-B1659584ADDC}.Release|iPhone.ActiveCfg = Release|Any CPU
		{04EE2C9B-C405-4AC9-8D69-B1659584ADDC}.Release|iPhone.Build.0 = Release|Any CPU
		{04EE2C9B-C405-4AC9-8D69-B1659584ADDC}.Release|iPhone.Deploy.0 = Release|Any CPU
		{04EE2C9B-C405-4AC9-8D69-B1659584ADDC}.Release|iPhoneSimulator.ActiveCfg = Release|Any CPU
		{04EE2C9B-C405-4AC9-8D69-B1659584ADDC}.Release|iPhoneSimulator.Build.0 = Release|Any CPU
		{04EE2C9B-C405-4AC9-8D69-B1659584ADDC}.Release|iPhoneSimulator.Deploy.0 = Release|Any CPU
		{78AA7402-322E-413C-A25E-270756486728}.Ad-Hoc|Any CPU.ActiveCfg = Ad-Hoc|iPhone
		{78AA7402-322E-413C-A25E-270756486728}.Ad-Hoc|iPhone.ActiveCfg = Ad-Hoc|iPhone
		{78AA7402-322E-413C-A25E-270756486728}.Ad-Hoc|iPhone.Build.0 = Ad-Hoc|iPhone
		{78AA7402-322E-413C-A25E-270756486728}.Ad-Hoc|iPhoneSimulator.ActiveCfg = Ad-Hoc|iPhoneSimulator
		{78AA7402-322E-413C-A25E-270756486728}.Ad-Hoc|iPhoneSimulator.Build.0 = Ad-Hoc|iPhoneSimulator
		{78AA7402-322E-413C-A25E-270756486728}.AppStore|Any CPU.ActiveCfg = AppStore|iPhone
		{78AA7402-322E-413C-A25E-270756486728}.AppStore|iPhone.ActiveCfg = AppStore|iPhone
		{78AA7402-322E-413C-A25E-270756486728}.AppStore|iPhone.Build.0 = AppStore|iPhone
		{78AA7402-322E-413C-A25E-270756486728}.AppStore|iPhoneSimulator.ActiveCfg = AppStore|iPhoneSimulator
		{78AA7402-322E-413C-A25E-270756486728}.AppStore|iPhoneSimulator.Build.0 = AppStore|iPhoneSimulator
		{78AA7402-322E-413C-A25E-270756486728}.Debug|Any CPU.ActiveCfg = Debug|iPhone
		{78AA7402-322E-413C-A25E-270756486728}.Debug|iPhone.ActiveCfg = Debug|iPhone
		{78AA7402-322E-413C-A25E-270756486728}.Debug|iPhone.Build.0 = Debug|iPhone
		{78AA7402-322E-413C-A25E-270756486728}.Debug|iPhoneSimulator.ActiveCfg = Debug|iPhoneSimulator
		{78AA7402-322E-413C-A25E-270756486728}.Debug|iPhoneSimulator.Build.0 = Debug|iPhoneSimulator
		{78AA7402-322E-413C-A25E-270756486728}.Release|Any CPU.ActiveCfg = Release|iPhone
		{78AA7402-322E-413C-A25E-270756486728}.Release|iPhone.ActiveCfg = Release|iPhone
		{78AA7402-322E-413C-A25E-270756486728}.Release|iPhone.Build.0 = Release|iPhone
		{78AA7402-322E-413C-A25E-270756486728}.Release|iPhoneSimulator.ActiveCfg = Release|iPhoneSimulator
		{78AA7402-322E-413C-A25E-270756486728}.Release|iPhoneSimulator.Build.0 = Release|iPhoneSimulator
		{A08BFC36-F8FE-4798-9ACD-D3A671568C67}.Ad-Hoc|Any CPU.ActiveCfg = Debug|Any CPU
		{A08BFC36-F8FE-4798-9ACD-D3A671568C67}.Ad-Hoc|Any CPU.Build.0 = Debug|Any CPU
		{A08BFC36-F8FE-4798-9ACD-D3A671568C67}.Ad-Hoc|iPhone.ActiveCfg = Debug|Any CPU
		{A08BFC36-F8FE-4798-9ACD-D3A671568C67}.Ad-Hoc|iPhone.Build.0 = Debug|Any CPU
		{A08BFC36-F8FE-4798-9ACD-D3A671568C67}.Ad-Hoc|iPhoneSimulator.ActiveCfg = Debug|Any CPU
		{A08BFC36-F8FE-4798-9ACD-D3A671568C67}.Ad-Hoc|iPhoneSimulator.Build.0 = Debug|Any CPU
		{A08BFC36-F8FE-4798-9ACD-D3A671568C67}.AppStore|Any CPU.ActiveCfg = Debug|Any CPU
		{A08BFC36-F8FE-4798-9ACD-D3A671568C67}.AppStore|Any CPU.Build.0 = Debug|Any CPU
		{A08BFC36-F8FE-4798-9ACD-D3A671568C67}.AppStore|iPhone.ActiveCfg = Debug|Any CPU
		{A08BFC36-F8FE-4798-9ACD-D3A671568C67}.AppStore|iPhone.Build.0 = Debug|Any CPU
		{A08BFC36-F8FE-4798-9ACD-D3A671568C67}.AppStore|iPhoneSimulator.ActiveCfg = Debug|Any CPU
		{A08BFC36-F8FE-4798-9ACD-D3A671568C67}.AppStore|iPhoneSimulator.Build.0 = Debug|Any CPU
		{A08BFC36-F8FE-4798-9ACD-D3A671568C67}.Debug|Any CPU.ActiveCfg = Debug|Any CPU
		{A08BFC36-F8FE-4798-9ACD-D3A671568C67}.Debug|Any CPU.Build.0 = Debug|Any CPU
		{A08BFC36-F8FE-4798-9ACD-D3A671568C67}.Debug|iPhone.ActiveCfg = Debug|Any CPU
		{A08BFC36-F8FE-4798-9ACD-D3A671568C67}.Debug|iPhone.Build.0 = Debug|Any CPU
		{A08BFC36-F8FE-4798-9ACD-D3A671568C67}.Debug|iPhoneSimulator.ActiveCfg = Debug|Any CPU
		{A08BFC36-F8FE-4798-9ACD-D3A671568C67}.Debug|iPhoneSimulator.Build.0 = Debug|Any CPU
		{A08BFC36-F8FE-4798-9ACD-D3A671568C67}.Release|Any CPU.ActiveCfg = Release|Any CPU
		{A08BFC36-F8FE-4798-9ACD-D3A671568C67}.Release|Any CPU.Build.0 = Release|Any CPU
		{A08BFC36-F8FE-4798-9ACD-D3A671568C67}.Release|iPhone.ActiveCfg = Release|Any CPU
		{A08BFC36-F8FE-4798-9ACD-D3A671568C67}.Release|iPhone.Build.0 = Release|Any CPU
		{A08BFC36-F8FE-4798-9ACD-D3A671568C67}.Release|iPhoneSimulator.ActiveCfg = Release|Any CPU
		{A08BFC36-F8FE-4798-9ACD-D3A671568C67}.Release|iPhoneSimulator.Build.0 = Release|Any CPU
		{DF2673AF-F712-46F5-8BBB-D8C56A7A4814}.Ad-Hoc|Any CPU.ActiveCfg = Debug|Any CPU
		{DF2673AF-F712-46F5-8BBB-D8C56A7A4814}.Ad-Hoc|Any CPU.Build.0 = Debug|Any CPU
		{DF2673AF-F712-46F5-8BBB-D8C56A7A4814}.Ad-Hoc|iPhone.ActiveCfg = Debug|Any CPU
		{DF2673AF-F712-46F5-8BBB-D8C56A7A4814}.Ad-Hoc|iPhone.Build.0 = Debug|Any CPU
		{DF2673AF-F712-46F5-8BBB-D8C56A7A4814}.Ad-Hoc|iPhoneSimulator.ActiveCfg = Debug|Any CPU
		{DF2673AF-F712-46F5-8BBB-D8C56A7A4814}.Ad-Hoc|iPhoneSimulator.Build.0 = Debug|Any CPU
		{DF2673AF-F712-46F5-8BBB-D8C56A7A4814}.AppStore|Any CPU.ActiveCfg = Debug|Any CPU
		{DF2673AF-F712-46F5-8BBB-D8C56A7A4814}.AppStore|Any CPU.Build.0 = Debug|Any CPU
		{DF2673AF-F712-46F5-8BBB-D8C56A7A4814}.AppStore|iPhone.ActiveCfg = Debug|Any CPU
		{DF2673AF-F712-46F5-8BBB-D8C56A7A4814}.AppStore|iPhone.Build.0 = Debug|Any CPU
		{DF2673AF-F712-46F5-8BBB-D8C56A7A4814}.AppStore|iPhoneSimulator.ActiveCfg = Debug|Any CPU
		{DF2673AF-F712-46F5-8BBB-D8C56A7A4814}.AppStore|iPhoneSimulator.Build.0 = Debug|Any CPU
		{DF2673AF-F712-46F5-8BBB-D8C56A7A4814}.Debug|Any CPU.ActiveCfg = Debug|Any CPU
		{DF2673AF-F712-46F5-8BBB-D8C56A7A4814}.Debug|Any CPU.Build.0 = Debug|Any CPU
		{DF2673AF-F712-46F5-8BBB-D8C56A7A4814}.Debug|iPhone.ActiveCfg = Debug|Any CPU
		{DF2673AF-F712-46F5-8BBB-D8C56A7A4814}.Debug|iPhone.Build.0 = Debug|Any CPU
		{DF2673AF-F712-46F5-8BBB-D8C56A7A4814}.Debug|iPhoneSimulator.ActiveCfg = Debug|Any CPU
		{DF2673AF-F712-46F5-8BBB-D8C56A7A4814}.Debug|iPhoneSimulator.Build.0 = Debug|Any CPU
		{DF2673AF-F712-46F5-8BBB-D8C56A7A4814}.Release|Any CPU.ActiveCfg = Release|Any CPU
		{DF2673AF-F712-46F5-8BBB-D8C56A7A4814}.Release|Any CPU.Build.0 = Release|Any CPU
		{DF2673AF-F712-46F5-8BBB-D8C56A7A4814}.Release|iPhone.ActiveCfg = Release|Any CPU
		{DF2673AF-F712-46F5-8BBB-D8C56A7A4814}.Release|iPhone.Build.0 = Release|Any CPU
		{DF2673AF-F712-46F5-8BBB-D8C56A7A4814}.Release|iPhoneSimulator.ActiveCfg = Release|Any CPU
		{DF2673AF-F712-46F5-8BBB-D8C56A7A4814}.Release|iPhoneSimulator.Build.0 = Release|Any CPU
		{D376F603-2F90-411E-ACCD-59046D4C71D8}.Ad-Hoc|Any CPU.ActiveCfg = Debug|Any CPU
		{D376F603-2F90-411E-ACCD-59046D4C71D8}.Ad-Hoc|Any CPU.Build.0 = Debug|Any CPU
		{D376F603-2F90-411E-ACCD-59046D4C71D8}.Ad-Hoc|iPhone.ActiveCfg = Debug|Any CPU
		{D376F603-2F90-411E-ACCD-59046D4C71D8}.Ad-Hoc|iPhone.Build.0 = Debug|Any CPU
		{D376F603-2F90-411E-ACCD-59046D4C71D8}.Ad-Hoc|iPhoneSimulator.ActiveCfg = Debug|Any CPU
		{D376F603-2F90-411E-ACCD-59046D4C71D8}.Ad-Hoc|iPhoneSimulator.Build.0 = Debug|Any CPU
		{D376F603-2F90-411E-ACCD-59046D4C71D8}.AppStore|Any CPU.ActiveCfg = Debug|Any CPU
		{D376F603-2F90-411E-ACCD-59046D4C71D8}.AppStore|Any CPU.Build.0 = Debug|Any CPU
		{D376F603-2F90-411E-ACCD-59046D4C71D8}.AppStore|iPhone.ActiveCfg = Debug|Any CPU
		{D376F603-2F90-411E-ACCD-59046D4C71D8}.AppStore|iPhone.Build.0 = Debug|Any CPU
		{D376F603-2F90-411E-ACCD-59046D4C71D8}.AppStore|iPhoneSimulator.ActiveCfg = Debug|Any CPU
		{D376F603-2F90-411E-ACCD-59046D4C71D8}.AppStore|iPhoneSimulator.Build.0 = Debug|Any CPU
		{D376F603-2F90-411E-ACCD-59046D4C71D8}.Debug|Any CPU.ActiveCfg = Debug|Any CPU
		{D376F603-2F90-411E-ACCD-59046D4C71D8}.Debug|Any CPU.Build.0 = Debug|Any CPU
		{D376F603-2F90-411E-ACCD-59046D4C71D8}.Debug|iPhone.ActiveCfg = Debug|Any CPU
		{D376F603-2F90-411E-ACCD-59046D4C71D8}.Debug|iPhone.Build.0 = Debug|Any CPU
		{D376F603-2F90-411E-ACCD-59046D4C71D8}.Debug|iPhoneSimulator.ActiveCfg = Debug|Any CPU
		{D376F603-2F90-411E-ACCD-59046D4C71D8}.Debug|iPhoneSimulator.Build.0 = Debug|Any CPU
		{D376F603-2F90-411E-ACCD-59046D4C71D8}.Release|Any CPU.ActiveCfg = Release|Any CPU
		{D376F603-2F90-411E-ACCD-59046D4C71D8}.Release|Any CPU.Build.0 = Release|Any CPU
		{D376F603-2F90-411E-ACCD-59046D4C71D8}.Release|iPhone.ActiveCfg = Release|Any CPU
		{D376F603-2F90-411E-ACCD-59046D4C71D8}.Release|iPhone.Build.0 = Release|Any CPU
		{D376F603-2F90-411E-ACCD-59046D4C71D8}.Release|iPhoneSimulator.ActiveCfg = Release|Any CPU
		{D376F603-2F90-411E-ACCD-59046D4C71D8}.Release|iPhoneSimulator.Build.0 = Release|Any CPU
		{D82134D8-94F6-48E1-8937-9E2ECA1DF0B6}.Ad-Hoc|Any CPU.ActiveCfg = Debug|Any CPU
		{D82134D8-94F6-48E1-8937-9E2ECA1DF0B6}.Ad-Hoc|Any CPU.Build.0 = Debug|Any CPU
		{D82134D8-94F6-48E1-8937-9E2ECA1DF0B6}.Ad-Hoc|iPhone.ActiveCfg = Debug|Any CPU
		{D82134D8-94F6-48E1-8937-9E2ECA1DF0B6}.Ad-Hoc|iPhone.Build.0 = Debug|Any CPU
		{D82134D8-94F6-48E1-8937-9E2ECA1DF0B6}.Ad-Hoc|iPhoneSimulator.ActiveCfg = Debug|Any CPU
		{D82134D8-94F6-48E1-8937-9E2ECA1DF0B6}.Ad-Hoc|iPhoneSimulator.Build.0 = Debug|Any CPU
		{D82134D8-94F6-48E1-8937-9E2ECA1DF0B6}.AppStore|Any CPU.ActiveCfg = Debug|Any CPU
		{D82134D8-94F6-48E1-8937-9E2ECA1DF0B6}.AppStore|Any CPU.Build.0 = Debug|Any CPU
		{D82134D8-94F6-48E1-8937-9E2ECA1DF0B6}.AppStore|iPhone.ActiveCfg = Debug|Any CPU
		{D82134D8-94F6-48E1-8937-9E2ECA1DF0B6}.AppStore|iPhone.Build.0 = Debug|Any CPU
		{D82134D8-94F6-48E1-8937-9E2ECA1DF0B6}.AppStore|iPhoneSimulator.ActiveCfg = Debug|Any CPU
		{D82134D8-94F6-48E1-8937-9E2ECA1DF0B6}.AppStore|iPhoneSimulator.Build.0 = Debug|Any CPU
		{D82134D8-94F6-48E1-8937-9E2ECA1DF0B6}.Debug|Any CPU.ActiveCfg = Debug|Any CPU
		{D82134D8-94F6-48E1-8937-9E2ECA1DF0B6}.Debug|Any CPU.Build.0 = Debug|Any CPU
		{D82134D8-94F6-48E1-8937-9E2ECA1DF0B6}.Debug|iPhone.ActiveCfg = Debug|Any CPU
		{D82134D8-94F6-48E1-8937-9E2ECA1DF0B6}.Debug|iPhone.Build.0 = Debug|Any CPU
		{D82134D8-94F6-48E1-8937-9E2ECA1DF0B6}.Debug|iPhoneSimulator.ActiveCfg = Debug|Any CPU
		{D82134D8-94F6-48E1-8937-9E2ECA1DF0B6}.Debug|iPhoneSimulator.Build.0 = Debug|Any CPU
		{D82134D8-94F6-48E1-8937-9E2ECA1DF0B6}.Release|Any CPU.ActiveCfg = Release|Any CPU
		{D82134D8-94F6-48E1-8937-9E2ECA1DF0B6}.Release|Any CPU.Build.0 = Release|Any CPU
		{D82134D8-94F6-48E1-8937-9E2ECA1DF0B6}.Release|iPhone.ActiveCfg = Release|Any CPU
		{D82134D8-94F6-48E1-8937-9E2ECA1DF0B6}.Release|iPhone.Build.0 = Release|Any CPU
		{D82134D8-94F6-48E1-8937-9E2ECA1DF0B6}.Release|iPhoneSimulator.ActiveCfg = Release|Any CPU
		{D82134D8-94F6-48E1-8937-9E2ECA1DF0B6}.Release|iPhoneSimulator.Build.0 = Release|Any CPU
	EndGlobalSection
	GlobalSection(SolutionProperties) = preSolution
		HideSolutionNode = FALSE
	EndGlobalSection
	GlobalSection(ExtensibilityGlobals) = postSolution
		SolutionGuid = {CC8182B6-99FC-436E-B194-72E606DBD9C0}
	EndGlobalSection
EndGlobal
