
Microsoft Visual Studio Solution File, Format Version 12.00
# Visual Studio 15
VisualStudioVersion = 15.0.26430.6
MinimumVisualStudioVersion = 10.0.40219.1
Project("{FAE04EC0-301F-11D3-BF4B-00C04F79EFBC}") = "UserStore.DAL", "UserStore.DAL\UserStore.DAL.csproj", "{D59D21E4-D90E-48D3-81D5-AD8F0E179578}"
EndProject
Project("{FAE04EC0-301F-11D3-BF4B-00C04F79EFBC}") = "UserStore.BLL", "UserStore.BLL\UserStore.BLL.csproj", "{EF548CBD-E63C-4CFB-94A2-9CC22BD7B0D3}"
EndProject
Project("{FAE04EC0-301F-11D3-BF4B-00C04F79EFBC}") = "UserStore.WebUI", "UserStore.WebUI\UserStore.WebUI.csproj", "{E6795516-70D0-4C87-A934-44F6B6548B91}"
EndProject
Global
	GlobalSection(SolutionConfigurationPlatforms) = preSolution
		Debug|Any CPU = Debug|Any CPU
		Release|Any CPU = Release|Any CPU
	EndGlobalSection
	GlobalSection(ProjectConfigurationPlatforms) = postSolution
		{D59D21E4-D90E-48D3-81D5-AD8F0E179578}.Debug|Any CPU.ActiveCfg = Debug|Any CPU
		{D59D21E4-D90E-48D3-81D5-AD8F0E179578}.Debug|Any CPU.Build.0 = Debug|Any CPU
		{D59D21E4-D90E-48D3-81D5-AD8F0E179578}.Release|Any CPU.ActiveCfg = Release|Any CPU
		{D59D21E4-D90E-48D3-81D5-AD8F0E179578}.Release|Any CPU.Build.0 = Release|Any CPU
		{EF548CBD-E63C-4CFB-94A2-9CC22BD7B0D3}.Debug|Any CPU.ActiveCfg = Debug|Any CPU
		{EF548CBD-E63C-4CFB-94A2-9CC22BD7B0D3}.Debug|Any CPU.Build.0 = Debug|Any CPU
		{EF548CBD-E63C-4CFB-94A2-9CC22BD7B0D3}.Release|Any CPU.ActiveCfg = Release|Any CPU
		{EF548CBD-E63C-4CFB-94A2-9CC22BD7B0D3}.Release|Any CPU.Build.0 = Release|Any CPU
		{E6795516-70D0-4C87-A934-44F6B6548B91}.Debug|Any CPU.ActiveCfg = Debug|Any CPU
		{E6795516-70D0-4C87-A934-44F6B6548B91}.Debug|Any CPU.Build.0 = Debug|Any CPU
		{E6795516-70D0-4C87-A934-44F6B6548B91}.Release|Any CPU.ActiveCfg = Release|Any CPU
		{E6795516-70D0-4C87-A934-44F6B6548B91}.Release|Any CPU.Build.0 = Release|Any CPU
	EndGlobalSection
	GlobalSection(SolutionProperties) = preSolution
		HideSolutionNode = FALSE
	EndGlobalSection
EndGlobal
