
Microsoft Visual Studio Solution File, Format Version 12.00
# Visual Studio 2013
VisualStudioVersion = 12.0.31101.0
MinimumVisualStudioVersion = 10.0.40219.1
Project("{FAE04EC0-301F-11D3-BF4B-00C04F79EFBC}") = "TestUpload", "TestUpload\TestUpload.csproj", "{5AC72B4F-E3F7-4407-9DCF-3B6666E56620}"
EndProject
Project("{FAE04EC0-301F-11D3-BF4B-00C04F79EFBC}") = "TestDirectory", "TestDirectory\TestDirectory.csproj", "{1C710036-8A55-4752-9D4D-7868B9433EFF}"
EndProject
Global
	GlobalSection(SolutionConfigurationPlatforms) = preSolution
		Debug|Any CPU = Debug|Any CPU
		Release|Any CPU = Release|Any CPU
	EndGlobalSection
	GlobalSection(ProjectConfigurationPlatforms) = postSolution
		{5AC72B4F-E3F7-4407-9DCF-3B6666E56620}.Debug|Any CPU.ActiveCfg = Debug|Any CPU
		{5AC72B4F-E3F7-4407-9DCF-3B6666E56620}.Debug|Any CPU.Build.0 = Debug|Any CPU
		{5AC72B4F-E3F7-4407-9DCF-3B6666E56620}.Release|Any CPU.ActiveCfg = Release|Any CPU
		{5AC72B4F-E3F7-4407-9DCF-3B6666E56620}.Release|Any CPU.Build.0 = Release|Any CPU
		{1C710036-8A55-4752-9D4D-7868B9433EFF}.Debug|Any CPU.ActiveCfg = Debug|Any CPU
		{1C710036-8A55-4752-9D4D-7868B9433EFF}.Debug|Any CPU.Build.0 = Debug|Any CPU
		{1C710036-8A55-4752-9D4D-7868B9433EFF}.Release|Any CPU.ActiveCfg = Release|Any CPU
		{1C710036-8A55-4752-9D4D-7868B9433EFF}.Release|Any CPU.Build.0 = Release|Any CPU
	EndGlobalSection
	GlobalSection(SolutionProperties) = preSolution
		HideSolutionNode = FALSE
	EndGlobalSection
EndGlobal
