
Microsoft Visual Studio Solution File, Format Version 12.00
# Visual Studio 15
VisualStudioVersion = 15.0.27004.2006
MinimumVisualStudioVersion = 10.0.40219.1
Project("{FAE04EC0-301F-11D3-BF4B-00C04F79EFBC}") = "Tree", "Tree\Tree.csproj", "{FB736A77-194F-45F8-8502-213BA711F163}"
EndProject
Global
	GlobalSection(SolutionConfigurationPlatforms) = preSolution
		Debug|Any CPU = Debug|Any CPU
		Release|Any CPU = Release|Any CPU
	EndGlobalSection
	GlobalSection(ProjectConfigurationPlatforms) = postSolution
		{FB736A77-194F-45F8-8502-213BA711F163}.Debug|Any CPU.ActiveCfg = Debug|Any CPU
		{FB736A77-194F-45F8-8502-213BA711F163}.Debug|Any CPU.Build.0 = Debug|Any CPU
		{FB736A77-194F-45F8-8502-213BA711F163}.Release|Any CPU.ActiveCfg = Release|Any CPU
		{FB736A77-194F-45F8-8502-213BA711F163}.Release|Any CPU.Build.0 = Release|Any CPU
	EndGlobalSection
	GlobalSection(SolutionProperties) = preSolution
		HideSolutionNode = FALSE
	EndGlobalSection
	GlobalSection(ExtensibilityGlobals) = postSolution
		SolutionGuid = {4FD2CF5B-3F78-438E-AB26-49CED53A0EC1}
	EndGlobalSection
EndGlobal
